
Microsoft Visual Studio Solution File, Format Version 12.00
# Visual Studio 15
VisualStudioVersion = 15.0.27130.2036
MinimumVisualStudioVersion = 10.0.40219.1
Project("{FAE04EC0-301F-11D3-BF4B-00C04F79EFBC}") = "DBClientFiles.NET", "DBClientFiles.NET\DBClientFiles.NET.csproj", "{884B23C7-A165-4090-880C-1DAAAF9A1C51}"
EndProject
Project("{FAE04EC0-301F-11D3-BF4B-00C04F79EFBC}") = "DBClientFiles.NET.Test", "DBClientFiles.NET.Test\DBClientFiles.NET.Test.csproj", "{0B777C0A-1589-42EB-B3F3-A6A067CEC37B}"
EndProject
Project("{FAE04EC0-301F-11D3-BF4B-00C04F79EFBC}") = "DBClientFiles.NET.ConsoleTests", "DBClientFiles.NET.ConsoleTests\DBClientFiles.NET.ConsoleTests.csproj", "{F858DEA6-1DB4-4B3C-90DE-FE7A67379E48}"
EndProject
Project("{FAE04EC0-301F-11D3-BF4B-00C04F79EFBC}") = "DBClientFiles.NET.Data", "DBClientFiles.NET.Data\DBClientFiles.NET.Data.csproj", "{8EF65DF8-D079-4826-A2A7-620DE05CF484}"
EndProject
Global
	GlobalSection(SolutionConfigurationPlatforms) = preSolution
		Debug|Any CPU = Debug|Any CPU
		Debug|x64 = Debug|x64
		MinSizeRel|Any CPU = MinSizeRel|Any CPU
		MinSizeRel|x64 = MinSizeRel|x64
		Release|Any CPU = Release|Any CPU
		Release|x64 = Release|x64
		RelWithDebInfo|Any CPU = RelWithDebInfo|Any CPU
		RelWithDebInfo|x64 = RelWithDebInfo|x64
	EndGlobalSection
	GlobalSection(ProjectConfigurationPlatforms) = postSolution
		{884B23C7-A165-4090-880C-1DAAAF9A1C51}.Debug|Any CPU.ActiveCfg = Debug|Any CPU
		{884B23C7-A165-4090-880C-1DAAAF9A1C51}.Debug|Any CPU.Build.0 = Debug|Any CPU
		{884B23C7-A165-4090-880C-1DAAAF9A1C51}.Debug|x64.ActiveCfg = Debug|Any CPU
		{884B23C7-A165-4090-880C-1DAAAF9A1C51}.Debug|x64.Build.0 = Debug|Any CPU
		{884B23C7-A165-4090-880C-1DAAAF9A1C51}.MinSizeRel|Any CPU.ActiveCfg = Release|Any CPU
		{884B23C7-A165-4090-880C-1DAAAF9A1C51}.MinSizeRel|Any CPU.Build.0 = Release|Any CPU
		{884B23C7-A165-4090-880C-1DAAAF9A1C51}.MinSizeRel|x64.ActiveCfg = Release|Any CPU
		{884B23C7-A165-4090-880C-1DAAAF9A1C51}.MinSizeRel|x64.Build.0 = Release|Any CPU
		{884B23C7-A165-4090-880C-1DAAAF9A1C51}.Release|Any CPU.ActiveCfg = Release|Any CPU
		{884B23C7-A165-4090-880C-1DAAAF9A1C51}.Release|Any CPU.Build.0 = Release|Any CPU
		{884B23C7-A165-4090-880C-1DAAAF9A1C51}.Release|x64.ActiveCfg = Release|Any CPU
		{884B23C7-A165-4090-880C-1DAAAF9A1C51}.Release|x64.Build.0 = Release|Any CPU
		{884B23C7-A165-4090-880C-1DAAAF9A1C51}.RelWithDebInfo|Any CPU.ActiveCfg = Release|Any CPU
		{884B23C7-A165-4090-880C-1DAAAF9A1C51}.RelWithDebInfo|Any CPU.Build.0 = Release|Any CPU
		{884B23C7-A165-4090-880C-1DAAAF9A1C51}.RelWithDebInfo|x64.ActiveCfg = Release|Any CPU
		{884B23C7-A165-4090-880C-1DAAAF9A1C51}.RelWithDebInfo|x64.Build.0 = Release|Any CPU
		{0B777C0A-1589-42EB-B3F3-A6A067CEC37B}.Debug|Any CPU.ActiveCfg = Debug|Any CPU
		{0B777C0A-1589-42EB-B3F3-A6A067CEC37B}.Debug|Any CPU.Build.0 = Debug|Any CPU
		{0B777C0A-1589-42EB-B3F3-A6A067CEC37B}.Debug|x64.ActiveCfg = Debug|Any CPU
		{0B777C0A-1589-42EB-B3F3-A6A067CEC37B}.Debug|x64.Build.0 = Debug|Any CPU
		{0B777C0A-1589-42EB-B3F3-A6A067CEC37B}.MinSizeRel|Any CPU.ActiveCfg = Release|Any CPU
		{0B777C0A-1589-42EB-B3F3-A6A067CEC37B}.MinSizeRel|Any CPU.Build.0 = Release|Any CPU
		{0B777C0A-1589-42EB-B3F3-A6A067CEC37B}.MinSizeRel|x64.ActiveCfg = Release|Any CPU
		{0B777C0A-1589-42EB-B3F3-A6A067CEC37B}.MinSizeRel|x64.Build.0 = Release|Any CPU
		{0B777C0A-1589-42EB-B3F3-A6A067CEC37B}.Release|Any CPU.ActiveCfg = Release|Any CPU
		{0B777C0A-1589-42EB-B3F3-A6A067CEC37B}.Release|Any CPU.Build.0 = Release|Any CPU
		{0B777C0A-1589-42EB-B3F3-A6A067CEC37B}.Release|x64.ActiveCfg = Release|Any CPU
		{0B777C0A-1589-42EB-B3F3-A6A067CEC37B}.Release|x64.Build.0 = Release|Any CPU
		{0B777C0A-1589-42EB-B3F3-A6A067CEC37B}.RelWithDebInfo|Any CPU.ActiveCfg = Release|Any CPU
		{0B777C0A-1589-42EB-B3F3-A6A067CEC37B}.RelWithDebInfo|Any CPU.Build.0 = Release|Any CPU
		{0B777C0A-1589-42EB-B3F3-A6A067CEC37B}.RelWithDebInfo|x64.ActiveCfg = Release|Any CPU
		{0B777C0A-1589-42EB-B3F3-A6A067CEC37B}.RelWithDebInfo|x64.Build.0 = Release|Any CPU
		{F858DEA6-1DB4-4B3C-90DE-FE7A67379E48}.Debug|Any CPU.ActiveCfg = Debug|Any CPU
		{F858DEA6-1DB4-4B3C-90DE-FE7A67379E48}.Debug|Any CPU.Build.0 = Debug|Any CPU
		{F858DEA6-1DB4-4B3C-90DE-FE7A67379E48}.Debug|x64.ActiveCfg = Debug|Any CPU
		{F858DEA6-1DB4-4B3C-90DE-FE7A67379E48}.Debug|x64.Build.0 = Debug|Any CPU
		{F858DEA6-1DB4-4B3C-90DE-FE7A67379E48}.MinSizeRel|Any CPU.ActiveCfg = Release|Any CPU
		{F858DEA6-1DB4-4B3C-90DE-FE7A67379E48}.MinSizeRel|Any CPU.Build.0 = Release|Any CPU
		{F858DEA6-1DB4-4B3C-90DE-FE7A67379E48}.MinSizeRel|x64.ActiveCfg = Release|Any CPU
		{F858DEA6-1DB4-4B3C-90DE-FE7A67379E48}.MinSizeRel|x64.Build.0 = Release|Any CPU
		{F858DEA6-1DB4-4B3C-90DE-FE7A67379E48}.Release|Any CPU.ActiveCfg = Release|Any CPU
		{F858DEA6-1DB4-4B3C-90DE-FE7A67379E48}.Release|Any CPU.Build.0 = Release|Any CPU
		{F858DEA6-1DB4-4B3C-90DE-FE7A67379E48}.Release|x64.ActiveCfg = Release|Any CPU
		{F858DEA6-1DB4-4B3C-90DE-FE7A67379E48}.Release|x64.Build.0 = Release|Any CPU
		{F858DEA6-1DB4-4B3C-90DE-FE7A67379E48}.RelWithDebInfo|Any CPU.ActiveCfg = Release|Any CPU
		{F858DEA6-1DB4-4B3C-90DE-FE7A67379E48}.RelWithDebInfo|Any CPU.Build.0 = Release|Any CPU
		{F858DEA6-1DB4-4B3C-90DE-FE7A67379E48}.RelWithDebInfo|x64.ActiveCfg = Release|Any CPU
		{F858DEA6-1DB4-4B3C-90DE-FE7A67379E48}.RelWithDebInfo|x64.Build.0 = Release|Any CPU
		{8EF65DF8-D079-4826-A2A7-620DE05CF484}.Debug|Any CPU.ActiveCfg = Debug|Any CPU
		{8EF65DF8-D079-4826-A2A7-620DE05CF484}.Debug|Any CPU.Build.0 = Debug|Any CPU
		{8EF65DF8-D079-4826-A2A7-620DE05CF484}.Debug|x64.ActiveCfg = Debug|Any CPU
		{8EF65DF8-D079-4826-A2A7-620DE05CF484}.Debug|x64.Build.0 = Debug|Any CPU
		{8EF65DF8-D079-4826-A2A7-620DE05CF484}.MinSizeRel|Any CPU.ActiveCfg = Release|Any CPU
		{8EF65DF8-D079-4826-A2A7-620DE05CF484}.MinSizeRel|Any CPU.Build.0 = Release|Any CPU
		{8EF65DF8-D079-4826-A2A7-620DE05CF484}.MinSizeRel|x64.ActiveCfg = Release|Any CPU
		{8EF65DF8-D079-4826-A2A7-620DE05CF484}.MinSizeRel|x64.Build.0 = Release|Any CPU
		{8EF65DF8-D079-4826-A2A7-620DE05CF484}.Release|Any CPU.ActiveCfg = Release|Any CPU
		{8EF65DF8-D079-4826-A2A7-620DE05CF484}.Release|Any CPU.Build.0 = Release|Any CPU
		{8EF65DF8-D079-4826-A2A7-620DE05CF484}.Release|x64.ActiveCfg = Release|Any CPU
		{8EF65DF8-D079-4826-A2A7-620DE05CF484}.Release|x64.Build.0 = Release|Any CPU
		{8EF65DF8-D079-4826-A2A7-620DE05CF484}.RelWithDebInfo|Any CPU.ActiveCfg = Release|Any CPU
		{8EF65DF8-D079-4826-A2A7-620DE05CF484}.RelWithDebInfo|Any CPU.Build.0 = Release|Any CPU
		{8EF65DF8-D079-4826-A2A7-620DE05CF484}.RelWithDebInfo|x64.ActiveCfg = Release|Any CPU
		{8EF65DF8-D079-4826-A2A7-620DE05CF484}.RelWithDebInfo|x64.Build.0 = Release|Any CPU
	EndGlobalSection
	GlobalSection(SolutionProperties) = preSolution
		HideSolutionNode = FALSE
	EndGlobalSection
	GlobalSection(ExtensibilityGlobals) = postSolution
		SolutionGuid = {C861F1F3-7341-4C92-ACD1-98C7CA453272}
	EndGlobalSection
EndGlobal
